
Microsoft Visual Studio Solution File, Format Version 12.00
# Visual Studio 15
Project("{FAE04EC0-301F-11D3-BF4B-00C04F79EFBC}") = "Ducks", "Ducks\Ducks.csproj", "{67080F20-33F1-4795-A9E7-13C8195D0938}"
EndProject
Global
	GlobalSection(SolutionConfigurationPlatforms) = preSolution
		Debug|Any CPU = Debug|Any CPU
		Release|Any CPU = Release|Any CPU
	EndGlobalSection
	GlobalSection(ProjectConfigurationPlatforms) = postSolution
		{67080F20-33F1-4795-A9E7-13C8195D0938}.Debug|Any CPU.ActiveCfg = Debug|Any CPU
		{67080F20-33F1-4795-A9E7-13C8195D0938}.Debug|Any CPU.Build.0 = Debug|Any CPU
		{67080F20-33F1-4795-A9E7-13C8195D0938}.Release|Any CPU.ActiveCfg = Release|Any CPU
		{67080F20-33F1-4795-A9E7-13C8195D0938}.Release|Any CPU.Build.0 = Release|Any CPU
	EndGlobalSection
EndGlobal
